Microsoft Visual Studio Solution File, Format Version 12.00
# Visual Studio Version 17
VisualStudioVersion = 17.5.2.0
MinimumVisualStudioVersion = 10.0.40219.1
Project("{FAE04EC0-301F-11D3-BF4B-00C04F79EFBC}") = "github4women", "github4women\github4women.csproj", "{3B44ED61-8E75-5828-8C82-2357588CB0EB}"
EndProject
Global
	GlobalSection(SolutionConfigurationPlatforms) = preSolution
		Debug|Any CPU = Debug|Any CPU
		Release|Any CPU = Release|Any CPU
	EndGlobalSection
	GlobalSection(ProjectConfigurationPlatforms) = postSolution
		{3B44ED61-8E75-5828-8C82-2357588CB0EB}.Debug|Any CPU.ActiveCfg = Debug|Any CPU
		{3B44ED61-8E75-5828-8C82-2357588CB0EB}.Debug|Any CPU.Build.0 = Debug|Any CPU
		{3B44ED61-8E75-5828-8C82-2357588CB0EB}.Release|Any CPU.ActiveCfg = Release|Any CPU
		{3B44ED61-8E75-5828-8C82-2357588CB0EB}.Release|Any CPU.Build.0 = Release|Any CPU
	EndGlobalSection
	GlobalSection(SolutionProperties) = preSolution
		HideSolutionNode = FALSE
	EndGlobalSection
	GlobalSection(ExtensibilityGlobals) = postSolution
		SolutionGuid = {504BD4BA-4E18-4CA0-9792-B619F68C3A78}
	EndGlobalSection
EndGlobal
